// !$*UTF8*$!
{
	archiveVersion = 1;
	classes = {
	};
	objectVersion = 52;
	objects = {

/* Begin PBXBuildFile section */
		8CA8715D25D92D95002DE2DC /* BanksViewController.swift in Sources */ = {isa = PBXBuildFile; fileRef = 8CA8715C25D92D95002DE2DC /* BanksViewController.swift */; };
		8CA8716025D92DC7002DE2DC /* BanksView.swift in Sources */ = {isa = PBXBuildFile; fileRef = 8CA8715F25D92DC7002DE2DC /* BanksView.swift */; };
		8CA8716325D92FC0002DE2DC /* ConvertationViewController.swift in Sources */ = {isa = PBXBuildFile; fileRef = 8CA8716225D92FC0002DE2DC /* ConvertationViewController.swift */; };
		8CA8716625D92FF3002DE2DC /* ConvertationView.swift in Sources */ = {isa = PBXBuildFile; fileRef = 8CA8716525D92FF3002DE2DC /* ConvertationView.swift */; };
		8CABB12C25D955BB004FBE2C /* RatesViewController.swift in Sources */ = {isa = PBXBuildFile; fileRef = 8CABB12B25D955BB004FBE2C /* RatesViewController.swift */; };
		8CD2A4A325D86E7B001B8AD8 /* AppDelegate.swift in Sources */ = {isa = PBXBuildFile; fileRef = 8CD2A4A225D86E7B001B8AD8 /* AppDelegate.swift */; };
		8CD2A4A725D86E7B001B8AD8 /* MainTabBarController.swift in Sources */ = {isa = PBXBuildFile; fileRef = 8CD2A4A625D86E7B001B8AD8 /* MainTabBarController.swift */; };
		8CD2A4AC25D86E7B001B8AD8 /* Assets.xcassets in Resources */ = {isa = PBXBuildFile; fileRef = 8CD2A4AB25D86E7B001B8AD8 /* Assets.xcassets */; };
		8CD2A4AF25D86E7B001B8AD8 /* LaunchScreen.storyboard in Resources */ = {isa = PBXBuildFile; fileRef = 8CD2A4AD25D86E7B001B8AD8 /* LaunchScreen.storyboard */; };
		8CD2A4C025D8A606001B8AD8 /* SnapKit in Frameworks */ = {isa = PBXBuildFile; productRef = 8CD2A4BF25D8A606001B8AD8 /* SnapKit */; };
		8CD2A4C325D8A682001B8AD8 /* RatesView.swift in Sources */ = {isa = PBXBuildFile; fileRef = 8CD2A4C225D8A682001B8AD8 /* RatesView.swift */; };
/* End PBXBuildFile section */

/* Begin PBXFileReference section */
		8CA8715C25D92D95002DE2DC /* BanksViewController.swift */ = {isa = PBXFileReference; lastKnownFileType = sourcecode.swift; path = BanksViewController.swift; sourceTree = "<group>"; };
		8CA8715F25D92DC7002DE2DC /* BanksView.swift */ = {isa = PBXFileReference; lastKnownFileType = sourcecode.swift; path = BanksView.swift; sourceTree = "<group>"; };
		8CA8716225D92FC0002DE2DC /* ConvertationViewController.swift */ = {isa = PBXFileReference; lastKnownFileType = sourcecode.swift; path = ConvertationViewController.swift; sourceTree = "<group>"; };
		8CA8716525D92FF3002DE2DC /* ConvertationView.swift */ = {isa = PBXFileReference; lastKnownFileType = sourcecode.swift; path = ConvertationView.swift; sourceTree = "<group>"; };
		8CABB12B25D955BB004FBE2C /* RatesViewController.swift */ = {isa = PBXFileReference; lastKnownFileType = sourcecode.swift; path = RatesViewController.swift; sourceTree = "<group>"; };
		8CD2A49F25D86E7B001B8AD8 /* ExchangeRates.app */ = {isa = PBXFileReference; explicitFileType = wrapper.application; includeInIndex = 0; path = ExchangeRates.app; sourceTree = BUILT_PRODUCTS_DIR; };
		8CD2A4A225D86E7B001B8AD8 /* AppDelegate.swift */ = {isa = PBXFileReference; lastKnownFileType = sourcecode.swift; path = AppDelegate.swift; sourceTree = "<group>"; };
		8CD2A4A625D86E7B001B8AD8 /* MainTabBarController.swift */ = {isa = PBXFileReference; lastKnownFileType = sourcecode.swift; path = MainTabBarController.swift; sourceTree = "<group>"; };
		8CD2A4AB25D86E7B001B8AD8 /* Assets.xcassets */ = {isa = PBXFileReference; lastKnownFileType = folder.assetcatalog; path = Assets.xcassets; sourceTree = "<group>"; };
		8CD2A4AE25D86E7B001B8AD8 /* Base */ = {isa = PBXFileReference; lastKnownFileType = file.storyboard; name = Base; path = Base.lproj/LaunchScreen.storyboard; sourceTree = "<group>"; };
		8CD2A4B025D86E7B001B8AD8 /* Info.plist */ = {isa = PBXFileReference; lastKnownFileType = text.plist.xml; path = Info.plist; sourceTree = "<group>"; };
		8CD2A4C225D8A682001B8AD8 /* RatesView.swift */ = {isa = PBXFileReference; lastKnownFileType = sourcecode.swift; path = RatesView.swift; sourceTree = "<group>"; };
/* End PBXFileReference section */

/* Begin PBXFrameworksBuildPhase section */
		8CD2A49C25D86E7B001B8AD8 /* Frameworks */ = {
			isa = PBXFrameworksBuildPhase;
			buildActionMask = 2147483647;
			files = (
				8CD2A4C025D8A606001B8AD8 /* SnapKit in Frameworks */,
			);
			runOnlyForDeploymentPostprocessing = 0;
		};
/* End PBXFrameworksBuildPhase section */

/* Begin PBXGroup section */
		8CD2A49625D86E7B001B8AD8 = {
			isa = PBXGroup;
			children = (
				8CD2A4A125D86E7B001B8AD8 /* ExchangeRates */,
				8CD2A4A025D86E7B001B8AD8 /* Products */,
			);
			sourceTree = "<group>";
		};
		8CD2A4A025D86E7B001B8AD8 /* Products */ = {
			isa = PBXGroup;
			children = (
				8CD2A49F25D86E7B001B8AD8 /* ExchangeRates.app */,
			);
			name = Products;
			sourceTree = "<group>";
		};
		8CD2A4A125D86E7B001B8AD8 /* ExchangeRates */ = {
			isa = PBXGroup;
			children = (
				8CD2A4BD25D8A542001B8AD8 /* ViewControllers */,
				8CD2A4BC25D8A53B001B8AD8 /* Views */,
				8CD2A4BB25D8A52E001B8AD8 /* Extensions */,
				8CD2A4A225D86E7B001B8AD8 /* AppDelegate.swift */,
				8CD2A4AB25D86E7B001B8AD8 /* Assets.xcassets */,
				8CD2A4AD25D86E7B001B8AD8 /* LaunchScreen.storyboard */,
				8CD2A4B025D86E7B001B8AD8 /* Info.plist */,
			);
			path = ExchangeRates;
			sourceTree = "<group>";
		};
		8CD2A4BB25D8A52E001B8AD8 /* Extensions */ = {
			isa = PBXGroup;
			children = (
			);
			path = Extensions;
			sourceTree = "<group>";
		};
		8CD2A4BC25D8A53B001B8AD8 /* Views */ = {
			isa = PBXGroup;
			children = (
				8CA8715F25D92DC7002DE2DC /* BanksView.swift */,
				8CA8716525D92FF3002DE2DC /* ConvertationView.swift */,
				8CD2A4C225D8A682001B8AD8 /* RatesView.swift */,
			);
			path = Views;
			sourceTree = "<group>";
		};
		8CD2A4BD25D8A542001B8AD8 /* ViewControllers */ = {
			isa = PBXGroup;
			children = (
				8CD2A4A625D86E7B001B8AD8 /* MainTabBarController.swift */,
				8CA8715C25D92D95002DE2DC /* BanksViewController.swift */,
				8CA8716225D92FC0002DE2DC /* ConvertationViewController.swift */,
				8CABB12B25D955BB004FBE2C /* RatesViewController.swift */,
			);
			path = ViewControllers;
			sourceTree = "<group>";
		};
/* End PBXGroup section */

/* Begin PBXNativeTarget section */
		8CD2A49E25D86E7B001B8AD8 /* ExchangeRates */ = {
			isa = PBXNativeTarget;
			buildConfigurationList = 8CD2A4B325D86E7B001B8AD8 /* Build configuration list for PBXNativeTarget "ExchangeRates" */;
			buildPhases = (
				8CD2A49B25D86E7B001B8AD8 /* Sources */,
				8CD2A49C25D86E7B001B8AD8 /* Frameworks */,
				8CD2A49D25D86E7B001B8AD8 /* Resources */,
			);
			buildRules = (
			);
			dependencies = (
			);
			name = ExchangeRates;
			packageProductDependencies = (
				8CD2A4BF25D8A606001B8AD8 /* SnapKit */,
			);
			productName = ExchangeRates;
			productReference = 8CD2A49F25D86E7B001B8AD8 /* ExchangeRates.app */;
			productType = "com.apple.product-type.application";
		};
/* End PBXNativeTarget section */

/* Begin PBXProject section */
		8CD2A49725D86E7B001B8AD8 /* Project object */ = {
			isa = PBXProject;
			attributes = {
				LastSwiftUpdateCheck = 1240;
				LastUpgradeCheck = 1240;
				TargetAttributes = {
					8CD2A49E25D86E7B001B8AD8 = {
						CreatedOnToolsVersion = 12.4;
					};
				};
			};
			buildConfigurationList = 8CD2A49A25D86E7B001B8AD8 /* Build configuration list for PBXProject "ExchangeRates" */;
			compatibilityVersion = "Xcode 9.3";
			developmentRegion = en;
			hasScannedForEncodings = 0;
			knownRegions = (
				en,
				Base,
			);
			mainGroup = 8CD2A49625D86E7B001B8AD8;
			packageReferences = (
				8CD2A4BE25D8A606001B8AD8 /* XCRemoteSwiftPackageReference "SnapKit" */,
			);
			productRefGroup = 8CD2A4A025D86E7B001B8AD8 /* Products */;
			projectDirPath = "";
			projectRoot = "";
			targets = (
				8CD2A49E25D86E7B001B8AD8 /* ExchangeRates */,
			);
		};
/* End PBXProject section */

/* Begin PBXResourcesBuildPhase section */
		8CD2A49D25D86E7B001B8AD8 /* Resources */ = {
			isa = PBXResourcesBuildPhase;
			buildActionMask = 2147483647;
			files = (
				8CD2A4AF25D86E7B001B8AD8 /* LaunchScreen.storyboard in Resources */,
				8CD2A4AC25D86E7B001B8AD8 /* Assets.xcassets in Resources */,
			);
			runOnlyForDeploymentPostprocessing = 0;
		};
/* End PBXResourcesBuildPhase section */

/* Begin PBXSourcesBuildPhase section */
		8CD2A49B25D86E7B001B8AD8 /* Sources */ = {
			isa = PBXSourcesBuildPhase;
			buildActionMask = 2147483647;
			files = (
				8CA8716625D92FF3002DE2DC /* ConvertationView.swift in Sources */,
				8CA8715D25D92D95002DE2DC /* BanksViewController.swift in Sources */,
				8CABB12C25D955BB004FBE2C /* RatesViewController.swift in Sources */,
				8CD2A4A725D86E7B001B8AD8 /* MainTabBarController.swift in Sources */,
				8CA8716325D92FC0002DE2DC /* ConvertationViewController.swift in Sources */,
				8CA8716025D92DC7002DE2DC /* BanksView.swift in Sources */,
				8CD2A4C325D8A682001B8AD8 /* RatesView.swift in Sources */,
				8CD2A4A325D86E7B001B8AD8 /* AppDelegate.swift in Sources */,
			);
			runOnlyForDeploymentPostprocessing = 0;
		};
/* End PBXSourcesBuildPhase section */

/* Begin PBXVariantGroup section */
		8CD2A4AD25D86E7B001B8AD8 /* LaunchScreen.storyboard */ = {
			isa = PBXVariantGroup;
			children = (
				8CD2A4AE25D86E7B001B8AD8 /* Base */,
			);
			name = LaunchScreen.storyboard;
			sourceTree = "<group>";
		};
/* End PBXVariantGroup section */

/* Begin XCBuildConfiguration section */
		8CD2A4B125D86E7B001B8AD8 /* Debug */ = {
			isa = XCBuildConfiguration;
			buildSettings = {
				ALWAYS_SEARCH_USER_PATHS = NO;
				CLANG_ANALYZER_NONNULL = YES;
				CLANG_ANALYZER_NUMBER_OBJECT_CONVERSION = YES_AGGRESSIVE;
				CLANG_CXX_LANGUAGE_STANDARD = "gnu++14";
				CLANG_CXX_LIBRARY = "libc++";
				CLANG_ENABLE_MODULES = YES;
				CLANG_ENABLE_OBJC_ARC = YES;
				CLANG_ENABLE_OBJC_WEAK = YES;
				CLANG_WARN_BLOCK_CAPTURE_AUTORELEASING = YES;
				CLANG_WARN_BOOL_CONVERSION = YES;
				CLANG_WARN_COMMA = YES;
				CLANG_WARN_CONSTANT_CONVERSION = YES;
				CLANG_WARN_DEPRECATED_OBJC_IMPLEMENTATIONS = YES;
				CLANG_WARN_DIRECT_OBJC_ISA_USAGE = YES_ERROR;
				CLANG_WARN_DOCUMENTATION_COMMENTS = YES;
				CLANG_WARN_EMPTY_BODY = YES;
				CLANG_WARN_ENUM_CONVERSION = YES;
				CLANG_WARN_INFINITE_RECURSION = YES;
				CLANG_WARN_INT_CONVERSION = YES;
				CLANG_WARN_NON_LITERAL_NULL_CONVERSION = YES;
				CLANG_WARN_OBJC_IMPLICIT_RETAIN_SELF = YES;
				CLANG_WARN_OBJC_LITERAL_CONVERSION = YES;
				CLANG_WARN_OBJC_ROOT_CLASS = YES_ERROR;
				CLANG_WARN_QUOTED_INCLUDE_IN_FRAMEWORK_HEADER = YES;
				CLANG_WARN_RANGE_LOOP_ANALYSIS = YES;
				CLANG_WARN_STRICT_PROTOTYPES = YES;
				CLANG_WARN_SUSPICIOUS_MOVE = YES;
				CLANG_WARN_UNGUARDED_AVAILABILITY = YES_AGGRESSIVE;
				CLANG_WARN_UNREACHABLE_CODE = YES;
				CLANG_WARN__DUPLICATE_METHOD_MATCH = YES;
				COPY_PHASE_STRIP = NO;
				DEBUG_INFORMATION_FORMAT = dwarf;
				ENABLE_STRICT_OBJC_MSGSEND = YES;
				ENABLE_TESTABILITY = YES;
				GCC_C_LANGUAGE_STANDARD = gnu11;
				GCC_DYNAMIC_NO_PIC = NO;
				GCC_NO_COMMON_BLOCKS = YES;
				GCC_OPTIMIZATION_LEVEL = 0;
				GCC_PREPROCESSOR_DEFINITIONS = (
					"DEBUG=1",
					"$(inherited)",
				);
				GCC_WARN_64_TO_32_BIT_CONVERSION = YES;
				GCC_WARN_ABOUT_RETURN_TYPE = YES_ERROR;
				GCC_WARN_UNDECLARED_SELECTOR = YES;
				GCC_WARN_UNINITIALIZED_AUTOS = YES_AGGRESSIVE;
				GCC_WARN_UNUSED_FUNCTION = YES;
				GCC_WARN_UNUSED_VARIABLE = YES;
				IPHONEOS_DEPLOYMENT_TARGET = 14.4;
				MTL_ENABLE_DEBUG_INFO = INCLUDE_SOURCE;
				MTL_FAST_MATH = YES;
				ONLY_ACTIVE_ARCH = YES;
				SDKROOT = iphoneos;
				SWIFT_ACTIVE_COMPILATION_CONDITIONS = DEBUG;
				SWIFT_OPTIMIZATION_LEVEL = "-Onone";
			};
			name = Debug;
		};
		8CD2A4B225D86E7B001B8AD8 /* Release */ = {
			isa = XCBuildConfiguration;
			buildSettings = {
				ALWAYS_SEARCH_USER_PATHS = NO;
				CLANG_ANALYZER_NONNULL = YES;
				CLANG_ANALYZER_NUMBER_OBJECT_CONVERSION = YES_AGGRESSIVE;
				CLANG_CXX_LANGUAGE_STANDARD = "gnu++14";
				CLANG_CXX_LIBRARY = "libc++";
				CLANG_ENABLE_MODULES = YES;
				CLANG_ENABLE_OBJC_ARC = YES;
				CLANG_ENABLE_OBJC_WEAK = YES;
				CLANG_WARN_BLOCK_CAPTURE_AUTORELEASING = YES;
				CLANG_WARN_BOOL_CONVERSION = YES;
				CLANG_WARN_COMMA = YES;
				CLANG_WARN_CONSTANT_CONVERSION = YES;
				CLANG_WARN_DEPRECATED_OBJC_IMPLEMENTATIONS = YES;
				CLANG_WARN_DIRECT_OBJC_ISA_USAGE = YES_ERROR;
				CLANG_WARN_DOCUMENTATION_COMMENTS = YES;
				CLANG_WARN_EMPTY_BODY = YES;
				CLANG_WARN_ENUM_CONVERSION = YES;
				CLANG_WARN_INFINITE_RECURSION = YES;
				CLANG_WARN_INT_CONVERSION = YES;
				CLANG_WARN_NON_LITERAL_NULL_CONVERSION = YES;
				CLANG_WARN_OBJC_IMPLICIT_RETAIN_SELF = YES;
				CLANG_WARN_OBJC_LITERAL_CONVERSION = YES;
				CLANG_WARN_OBJC_ROOT_CLASS = YES_ERROR;
				CLANG_WARN_QUOTED_INCLUDE_IN_FRAMEWORK_HEADER = YES;
				CLANG_WARN_RANGE_LOOP_ANALYSIS = YES;
				CLANG_WARN_STRICT_PROTOTYPES = YES;
				CLANG_WARN_SUSPICIOUS_MOVE = YES;
				CLANG_WARN_UNGUARDED_AVAILABILITY = YES_AGGRESSIVE;
				CLANG_WARN_UNREACHABLE_CODE = YES;
				CLANG_WARN__DUPLICATE_METHOD_MATCH = YES;
				COPY_PHASE_STRIP = NO;
				DEBUG_INFORMATION_FORMAT = "dwarf-with-dsym";
				ENABLE_NS_ASSERTIONS = NO;
				ENABLE_STRICT_OBJC_MSGSEND = YES;
				GCC_C_LANGUAGE_STANDARD = gnu11;
				GCC_NO_COMMON_BLOCKS = YES;
				GCC_WARN_64_TO_32_BIT_CONVERSION = YES;
				GCC_WARN_ABOUT_RETURN_TYPE = YES_ERROR;
				GCC_WARN_UNDECLARED_SELECTOR = YES;
				GCC_WARN_UNINITIALIZED_AUTOS = YES_AGGRESSIVE;
				GCC_WARN_UNUSED_FUNCTION = YES;
				GCC_WARN_UNUSED_VARIABLE = YES;
				IPHONEOS_DEPLOYMENT_TARGET = 14.4;
				MTL_ENABLE_DEBUG_INFO = NO;
				MTL_FAST_MATH = YES;
				SDKROOT = iphoneos;
				SWIFT_COMPILATION_MODE = wholemodule;
				SWIFT_OPTIMIZATION_LEVEL = "-O";
				VALIDATE_PRODUCT = YES;
			};
			name = Release;
		};
		8CD2A4B425D86E7B001B8AD8 /* Debug */ = {
			isa = XCBuildConfiguration;
			buildSettings = {
				ASSETCATALOG_COMPILER_APPICON_NAME = AppIcon;
				ASSETCATALOG_COMPILER_GLOBAL_ACCENT_COLOR_NAME = AccentColor;
				CODE_SIGN_STYLE = Automatic;
				DEVELOPMENT_TEAM = 57HLCX5YXS;
				INFOPLIST_FILE = ExchangeRates/Info.plist;
				LD_RUNPATH_SEARCH_PATHS = (
					"$(inherited)",
					"@executable_path/Frameworks",
				);
				PRODUCT_BUNDLE_IDENTIFIER = "sergei-iotchenko.test.ExchangeRates";
				PRODUCT_NAME = "$(TARGET_NAME)";
				SWIFT_VERSION = 5.0;
				TARGETED_DEVICE_FAMILY = "1,2";
			};
			name = Debug;
		};
		8CD2A4B525D86E7B001B8AD8 /* Release */ = {
			isa = XCBuildConfiguration;
			buildSettings = {
				ASSETCATALOG_COMPILER_APPICON_NAME = AppIcon;
				ASSETCATALOG_COMPILER_GLOBAL_ACCENT_COLOR_NAME = AccentColor;
				CODE_SIGN_STYLE = Automatic;
				DEVELOPMENT_TEAM = 57HLCX5YXS;
				INFOPLIST_FILE = ExchangeRates/Info.plist;
				LD_RUNPATH_SEARCH_PATHS = (
					"$(inherited)",
					"@executable_path/Frameworks",
				);
				PRODUCT_BUNDLE_IDENTIFIER = "sergei-iotchenko.test.ExchangeRates";
				PRODUCT_NAME = "$(TARGET_NAME)";
				SWIFT_VERSION = 5.0;
				TARGETED_DEVICE_FAMILY = "1,2";
			};
			name = Release;
		};
/* End XCBuildConfiguration section */

/* Begin XCConfigurationList section */
		8CD2A49A25D86E7B001B8AD8 /* Build configuration list for PBXProject "ExchangeRates" */ = {
			isa = XCConfigurationList;
			buildConfigurations = (
				8CD2A4B125D86E7B001B8AD8 /* Debug */,
				8CD2A4B225D86E7B001B8AD8 /* Release */,
			);
			defaultConfigurationIsVisible = 0;
			defaultConfigurationName = Release;
		};
		8CD2A4B325D86E7B001B8AD8 /* Build configuration list for PBXNativeTarget "ExchangeRates" */ = {
			isa = XCConfigurationList;
			buildConfigurations = (
				8CD2A4B425D86E7B001B8AD8 /* Debug */,
				8CD2A4B525D86E7B001B8AD8 /* Release */,
			);
			defaultConfigurationIsVisible = 0;
			defaultConfigurationName = Release;
		};
/* End XCConfigurationList section */

/* Begin XCRemoteSwiftPackageReference section */
		8CD2A4BE25D8A606001B8AD8 /* XCRemoteSwiftPackageReference "SnapKit" */ = {
			isa = XCRemoteSwiftPackageReference;
			repositoryURL = "https://github.com/SnapKit/SnapKit";
			requirement = {
				kind = upToNextMajorVersion;
				minimumVersion = 5.0.1;
			};
		};
/* End XCRemoteSwiftPackageReference section */

/* Begin XCSwiftPackageProductDependency section */
		8CD2A4BF25D8A606001B8AD8 /* SnapKit */ = {
			isa = XCSwiftPackageProductDependency;
			package = 8CD2A4BE25D8A606001B8AD8 /* XCRemoteSwiftPackageReference "SnapKit" */;
			productName = SnapKit;
		};
/* End XCSwiftPackageProductDependency section */
	};
	rootObject = 8CD2A49725D86E7B001B8AD8 /* Project object */;
}
