{
  "object": {
    "pins": [
      {
        "package": "Charts",
        "repositoryURL": "git@github.com:danielgindi/Charts.git",
        "state": {
          "branch": null,
          "revision": "9b24868b61a75666355d824eeb97290e7f0dca42",
          "version": "4.0.0"
        }
      },
      {
        "package": "SnapKit",
        "repositoryURL": "git@github.com:SnapKit/SnapKit.git",
        "state": {
          "branch": null,
          "revision": "d458564516e5676af9c70b4f4b2a9178294f1bc6",
          "version": "5.0.1"
        }
      }
    ]
  },
  "version": 1
}
